{
  "lockfile_version": "1",
  "packages": {
    "github:NixOS/nixpkgs/nixpkgs-unstable": {
      "last_modified": "2025-05-17T07:32:44Z",
      "resolved": "github:NixOS/nixpkgs/3fcbdcfc707e0aa42c541b7743e05820472bdaec?lastModified=1747467164&narHash=sha256-JBXbjJ0t6T6BbVc9iPVquQI9XSXCGQJD8c8SgnUquus%3D"
    }
  }
}
